<?xml version="1.0" encoding="utf-8"?>
<Project ToolsVersion="4.0" xmlns="http://schemas.microsoft.com/developer/msbuild/2003">
  <ItemGroup>
    <Filter Include="Objects">
      <UniqueIdentifier>{63bea78d-1010-4060-957e-886d9652f640}</UniqueIdentifier>
    </Filter>
    <Filter Include="Screens">
      <UniqueIdentifier>{6c867a63-7e82-4523-9714-8db2dd77ea2a}</UniqueIdentifier>
    </Filter>
  </ItemGroup>
  <ItemGroup>
    <ClCompile Include="src\Objects\Ball.cpp">
      <Filter>Objects</Filter>
    </ClCompile>
    <ClCompile Include="src\Objects\Palettes.cpp">
      <Filter>Objects</Filter>
    </ClCompile>
    <ClCompile Include="src\Screens\ExecuteGame.cpp">
      <Filter>Screens</Filter>
    </ClCompile>
    <ClCompile Include="src\Screens\Game.cpp">
      <Filter>Screens</Filter>
    </ClCompile>
    <ClCompile Include="src\Screens\GameOver.cpp">
      <Filter>Screens</Filter>
    </ClCompile>
    <ClCompile Include="src\Screens\Menu.cpp">
      <Filter>Screens</Filter>
    </ClCompile>
    <ClCompile Include="src\main.cpp" />
    <ClCompile Include="src\Objects\PowerUps.cpp">
      <Filter>Objects</Filter>
    </ClCompile>
    <ClCompile Include="src\Objects\Textures.cpp" />
  </ItemGroup>
  <ItemGroup>
    <ClInclude Include="src\Objects\Ball.h">
      <Filter>Objects</Filter>
    </ClInclude>
    <ClInclude Include="src\Objects\Palette.h">
      <Filter>Objects</Filter>
    </ClInclude>
    <ClInclude Include="src\Screens\ExecuteGame.h">
      <Filter>Screens</Filter>
    </ClInclude>
    <ClInclude Include="src\Screens\Game.h">
      <Filter>Screens</Filter>
    </ClInclude>
    <ClInclude Include="src\Screens\GameOver.h">
      <Filter>Screens</Filter>
    </ClInclude>
    <ClInclude Include="src\Screens\Menu.h">
      <Filter>Screens</Filter>
    </ClInclude>
    <ClInclude Include="src\Objects\PowerUps.h">
      <Filter>Objects</Filter>
    </ClInclude>
    <ClInclude Include="src\Objects\Textures.h" />
  </ItemGroup>
</Project>