
Microsoft Visual Studio Solution File, Format Version 12.00
# Visual Studio 15
VisualStudioVersion = 15.0.28307.438
MinimumVisualStudioVersion = 10.0.40219.1
Project("{8BC9CEB8-8B4A-11D0-8D11-00A0C91BC942}") = "Project1", "Project1\Project1.vcxproj", "{26F46A0E-0407-40DE-9E74-1860C81B47FF}"
EndProject
Project("{8BC9CEB8-8B4A-11D0-8D11-00A0C91BC942}") = "Ejercicio-2-Pong", "Ejercicio-2-Pong\Ejercicio-2-Pong.vcxproj", "{E5486FC3-5EF2-474B-BA81-C73B117EA9D8}"
EndProject
Project("{8BC9CEB8-8B4A-11D0-8D11-00A0C91BC942}") = "Ejercicio-2-Pong-V2", "Ejercicio-2-Pong-V2\Ejercicio-2-Pong-V2.vcxproj", "{10CE6699-DEAF-49C0-9C55-4917A0CC1D20}"
EndProject
Project("{8BC9CEB8-8B4A-11D0-8D11-00A0C91BC942}") = "Ejercicio-3-Arkanoid", "Ejercicio-3-Arkanoid\Ejercicio-3-Arkanoid.vcxproj", "{A9494C11-5574-4C21-AE0F-A6EF777D4F41}"
EndProject
Global
	GlobalSection(SolutionConfigurationPlatforms) = preSolution
		Debug|x64 = Debug|x64
		Debug|x86 = Debug|x86
		Release|x64 = Release|x64
		Release|x86 = Release|x86
	EndGlobalSection
	GlobalSection(ProjectConfigurationPlatforms) = postSolution
		{26F46A0E-0407-40DE-9E74-1860C81B47FF}.Debug|x64.ActiveCfg = Debug|x64
		{26F46A0E-0407-40DE-9E74-1860C81B47FF}.Debug|x64.Build.0 = Debug|x64
		{26F46A0E-0407-40DE-9E74-1860C81B47FF}.Debug|x86.ActiveCfg = Debug|Win32
		{26F46A0E-0407-40DE-9E74-1860C81B47FF}.Debug|x86.Build.0 = Debug|Win32
		{26F46A0E-0407-40DE-9E74-1860C81B47FF}.Release|x64.ActiveCfg = Release|x64
		{26F46A0E-0407-40DE-9E74-1860C81B47FF}.Release|x64.Build.0 = Release|x64
		{26F46A0E-0407-40DE-9E74-1860C81B47FF}.Release|x86.ActiveCfg = Release|Win32
		{26F46A0E-0407-40DE-9E74-1860C81B47FF}.Release|x86.Build.0 = Release|Win32
		{E5486FC3-5EF2-474B-BA81-C73B117EA9D8}.Debug|x64.ActiveCfg = Debug|x64
		{E5486FC3-5EF2-474B-BA81-C73B117EA9D8}.Debug|x64.Build.0 = Debug|x64
		{E5486FC3-5EF2-474B-BA81-C73B117EA9D8}.Debug|x86.ActiveCfg = Debug|Win32
		{E5486FC3-5EF2-474B-BA81-C73B117EA9D8}.Debug|x86.Build.0 = Debug|Win32
		{E5486FC3-5EF2-474B-BA81-C73B117EA9D8}.Release|x64.ActiveCfg = Release|x64
		{E5486FC3-5EF2-474B-BA81-C73B117EA9D8}.Release|x64.Build.0 = Release|x64
		{E5486FC3-5EF2-474B-BA81-C73B117EA9D8}.Release|x86.ActiveCfg = Release|Win32
		{E5486FC3-5EF2-474B-BA81-C73B117EA9D8}.Release|x86.Build.0 = Release|Win32
		{10CE6699-DEAF-49C0-9C55-4917A0CC1D20}.Debug|x64.ActiveCfg = Debug|x64
		{10CE6699-DEAF-49C0-9C55-4917A0CC1D20}.Debug|x64.Build.0 = Debug|x64
		{10CE6699-DEAF-49C0-9C55-4917A0CC1D20}.Debug|x86.ActiveCfg = Debug|Win32
		{10CE6699-DEAF-49C0-9C55-4917A0CC1D20}.Debug|x86.Build.0 = Debug|Win32
		{10CE6699-DEAF-49C0-9C55-4917A0CC1D20}.Release|x64.ActiveCfg = Release|x64
		{10CE6699-DEAF-49C0-9C55-4917A0CC1D20}.Release|x64.Build.0 = Release|x64
		{10CE6699-DEAF-49C0-9C55-4917A0CC1D20}.Release|x86.ActiveCfg = Release|Win32
		{10CE6699-DEAF-49C0-9C55-4917A0CC1D20}.Release|x86.Build.0 = Release|Win32
		{A9494C11-5574-4C21-AE0F-A6EF777D4F41}.Debug|x64.ActiveCfg = Debug|x64
		{A9494C11-5574-4C21-AE0F-A6EF777D4F41}.Debug|x64.Build.0 = Debug|x64
		{A9494C11-5574-4C21-AE0F-A6EF777D4F41}.Debug|x86.ActiveCfg = Debug|Win32
		{A9494C11-5574-4C21-AE0F-A6EF777D4F41}.Debug|x86.Build.0 = Debug|Win32
		{A9494C11-5574-4C21-AE0F-A6EF777D4F41}.Release|x64.ActiveCfg = Release|x64
		{A9494C11-5574-4C21-AE0F-A6EF777D4F41}.Release|x64.Build.0 = Release|x64
		{A9494C11-5574-4C21-AE0F-A6EF777D4F41}.Release|x86.ActiveCfg = Release|Win32
		{A9494C11-5574-4C21-AE0F-A6EF777D4F41}.Release|x86.Build.0 = Release|Win32
	EndGlobalSection
	GlobalSection(SolutionProperties) = preSolution
		HideSolutionNode = FALSE
	EndGlobalSection
	GlobalSection(ExtensibilityGlobals) = postSolution
		SolutionGuid = {003CE4DF-D2C3-4AAA-865F-2B22100126E5}
	EndGlobalSection
EndGlobal
